
Microsoft Visual Studio Solution File, Format Version 12.00
# Visual Studio Version 16
VisualStudioVersion = 16.0.30128.74
MinimumVisualStudioVersion = 10.0.40219.1
Project("{FAE04EC0-301F-11D3-BF4B-00C04F79EFBC}") = "OutlookOkan", "OutlookOkan\OutlookOkan.csproj", "{B6B4F2A2-B70A-410C-8E76-1F4090CC438F}"
EndProject
Project("{FAE04EC0-301F-11D3-BF4B-00C04F79EFBC}") = "OutlookOkanTest", "OutlookOkanTest\OutlookOkanTest.csproj", "{828251EB-7A92-4559-93F8-BB5F5D8B16A7}"
EndProject
Project("{FAE04EC0-301F-11D3-BF4B-00C04F79EFBC}") = "SetupCustomAction", "SetupCustomAction\SetupCustomAction.csproj", "{DE0DDC03-116B-4E2C-AF47-9F06FD99D391}"
EndProject
Global
	GlobalSection(SolutionConfigurationPlatforms) = preSolution
		Debug|Any CPU = Debug|Any CPU
		Release|Any CPU = Release|Any CPU
	EndGlobalSection
	GlobalSection(ProjectConfigurationPlatforms) = postSolution
		{B6B4F2A2-B70A-410C-8E76-1F4090CC438F}.Debug|Any CPU.ActiveCfg = Debug|Any CPU
		{B6B4F2A2-B70A-410C-8E76-1F4090CC438F}.Debug|Any CPU.Build.0 = Debug|Any CPU
		{B6B4F2A2-B70A-410C-8E76-1F4090CC438F}.Release|Any CPU.ActiveCfg = Release|Any CPU
		{B6B4F2A2-B70A-410C-8E76-1F4090CC438F}.Release|Any CPU.Build.0 = Release|Any CPU
		{828251EB-7A92-4559-93F8-BB5F5D8B16A7}.Debug|Any CPU.ActiveCfg = Debug|Any CPU
		{828251EB-7A92-4559-93F8-BB5F5D8B16A7}.Debug|Any CPU.Build.0 = Debug|Any CPU
		{828251EB-7A92-4559-93F8-BB5F5D8B16A7}.Release|Any CPU.ActiveCfg = Release|Any CPU
		{828251EB-7A92-4559-93F8-BB5F5D8B16A7}.Release|Any CPU.Build.0 = Release|Any CPU
		{DE0DDC03-116B-4E2C-AF47-9F06FD99D391}.Debug|Any CPU.ActiveCfg = Debug|Any CPU
		{DE0DDC03-116B-4E2C-AF47-9F06FD99D391}.Debug|Any CPU.Build.0 = Debug|Any CPU
		{DE0DDC03-116B-4E2C-AF47-9F06FD99D391}.Release|Any CPU.ActiveCfg = Release|Any CPU
		{DE0DDC03-116B-4E2C-AF47-9F06FD99D391}.Release|Any CPU.Build.0 = Release|Any CPU
	EndGlobalSection
	GlobalSection(SolutionProperties) = preSolution
		HideSolutionNode = FALSE
	EndGlobalSection
	GlobalSection(ExtensibilityGlobals) = postSolution
		SolutionGuid = {32F32E6B-F48F-4324-A111-5630BC529975}
	EndGlobalSection
EndGlobal
